
Microsoft Visual Studio Solution File, Format Version 12.00
Project("{FAE04EC0-301F-11D3-BF4B-00C04F79EFBC}") = "OAuth.PkceFlow", "OAuth.PkceFlow\OAuth.PkceFlow.csproj", "{53717F05-462D-4199-94F1-A0E66BC121B9}"
EndProject
Global
	GlobalSection(SolutionConfigurationPlatforms) = preSolution
		Debug|Any CPU = Debug|Any CPU
		Release|Any CPU = Release|Any CPU
	EndGlobalSection
	GlobalSection(ProjectConfigurationPlatforms) = postSolution
		{53717F05-462D-4199-94F1-A0E66BC121B9}.Debug|Any CPU.ActiveCfg = Debug|Any CPU
		{53717F05-462D-4199-94F1-A0E66BC121B9}.Debug|Any CPU.Build.0 = Debug|Any CPU
		{53717F05-462D-4199-94F1-A0E66BC121B9}.Release|Any CPU.ActiveCfg = Release|Any CPU
		{53717F05-462D-4199-94F1-A0E66BC121B9}.Release|Any CPU.Build.0 = Release|Any CPU
	EndGlobalSection
EndGlobal
